// !$*UTF8*$!
{
	archiveVersion = 1;
	classes = {
	};
	objectVersion = 50;
	objects = {

/* Begin PBXBuildFile section */
		E3F12530208FC67E005B8779 /* AppDelegate.swift in Sources */ = {isa = PBXBuildFile; fileRef = E3F1252F208FC67E005B8779 /* AppDelegate.swift */; };
		E3F12532208FC67E005B8779 /* ViewController.swift in Sources */ = {isa = PBXBuildFile; fileRef = E3F12531208FC67E005B8779 /* ViewController.swift */; };
		E3F12535208FC67E005B8779 /* Main.storyboard in Resources */ = {isa = PBXBuildFile; fileRef = E3F12533208FC67E005B8779 /* Main.storyboard */; };
		E3F12537208FC67F005B8779 /* Assets.xcassets in Resources */ = {isa = PBXBuildFile; fileRef = E3F12536208FC67F005B8779 /* Assets.xcassets */; };
		E3F1253A208FC67F005B8779 /* LaunchScreen.storyboard in Resources */ = {isa = PBXBuildFile; fileRef = E3F12538208FC67F005B8779 /* LaunchScreen.storyboard */; };
		E3F12545208FC67F005B8779 /* BabbelChallengeTests.swift in Sources */ = {isa = PBXBuildFile; fileRef = E3F12544208FC67F005B8779 /* BabbelChallengeTests.swift */; };
		E3F12551208FCC60005B8779 /* WordsService.swift in Sources */ = {isa = PBXBuildFile; fileRef = E3F12550208FCC60005B8779 /* WordsService.swift */; };
		E3F12554208FD499005B8779 /* words.json in Resources */ = {isa = PBXBuildFile; fileRef = E3F12553208FD499005B8779 /* words.json */; };
/* End PBXBuildFile section */

/* Begin PBXContainerItemProxy section */
		E3F12541208FC67F005B8779 /* PBXContainerItemProxy */ = {
			isa = PBXContainerItemProxy;
			containerPortal = E3F12524208FC67E005B8779 /* Project object */;
			proxyType = 1;
			remoteGlobalIDString = E3F1252B208FC67E005B8779;
			remoteInfo = BabbelChallenge;
		};
/* End PBXContainerItemProxy section */

/* Begin PBXFileReference section */
		E3F1252C208FC67E005B8779 /* BabbelChallenge.app */ = {isa = PBXFileReference; explicitFileType = wrapper.application; includeInIndex = 0; path = BabbelChallenge.app; sourceTree = BUILT_PRODUCTS_DIR; };
		E3F1252F208FC67E005B8779 /* AppDelegate.swift */ = {isa = PBXFileReference; lastKnownFileType = sourcecode.swift; path = AppDelegate.swift; sourceTree = "<group>"; };
		E3F12531208FC67E005B8779 /* ViewController.swift */ = {isa = PBXFileReference; lastKnownFileType = sourcecode.swift; path = ViewController.swift; sourceTree = "<group>"; };
		E3F12534208FC67E005B8779 /* Base */ = {isa = PBXFileReference; lastKnownFileType = file.storyboard; name = Base; path = Base.lproj/Main.storyboard; sourceTree = "<group>"; };
		E3F12536208FC67F005B8779 /* Assets.xcassets */ = {isa = PBXFileReference; lastKnownFileType = folder.assetcatalog; path = Assets.xcassets; sourceTree = "<group>"; };
		E3F12539208FC67F005B8779 /* Base */ = {isa = PBXFileReference; lastKnownFileType = file.storyboard; name = Base; path = Base.lproj/LaunchScreen.storyboard; sourceTree = "<group>"; };
		E3F1253B208FC67F005B8779 /* Info.plist */ = {isa = PBXFileReference; lastKnownFileType = text.plist.xml; path = Info.plist; sourceTree = "<group>"; };
		E3F12540208FC67F005B8779 /* BabbelChallengeTests.xctest */ = {isa = PBXFileReference; explicitFileType = wrapper.cfbundle; includeInIndex = 0; path = BabbelChallengeTests.xctest; sourceTree = BUILT_PRODUCTS_DIR; };
		E3F12544208FC67F005B8779 /* BabbelChallengeTests.swift */ = {isa = PBXFileReference; lastKnownFileType = sourcecode.swift; path = BabbelChallengeTests.swift; sourceTree = "<group>"; };
		E3F12546208FC67F005B8779 /* Info.plist */ = {isa = PBXFileReference; lastKnownFileType = text.plist.xml; path = Info.plist; sourceTree = "<group>"; };
		E3F12550208FCC60005B8779 /* WordsService.swift */ = {isa = PBXFileReference; lastKnownFileType = sourcecode.swift; path = WordsService.swift; sourceTree = "<group>"; };
		E3F12553208FD499005B8779 /* words.json */ = {isa = PBXFileReference; fileEncoding = 4; lastKnownFileType = text.json; path = words.json; sourceTree = "<group>"; };
/* End PBXFileReference section */

/* Begin PBXFrameworksBuildPhase section */
		E3F12529208FC67E005B8779 /* Frameworks */ = {
			isa = PBXFrameworksBuildPhase;
			buildActionMask = 2147483647;
			files = (
			);
			runOnlyForDeploymentPostprocessing = 0;
		};
		E3F1253D208FC67F005B8779 /* Frameworks */ = {
			isa = PBXFrameworksBuildPhase;
			buildActionMask = 2147483647;
			files = (
			);
			runOnlyForDeploymentPostprocessing = 0;
		};
/* End PBXFrameworksBuildPhase section */

/* Begin PBXGroup section */
		E3F12523208FC67E005B8779 = {
			isa = PBXGroup;
			children = (
				E3F1252E208FC67E005B8779 /* BabbelChallenge */,
				E3F12543208FC67F005B8779 /* BabbelChallengeTests */,
				E3F1252D208FC67E005B8779 /* Products */,
			);
			sourceTree = "<group>";
		};
		E3F1252D208FC67E005B8779 /* Products */ = {
			isa = PBXGroup;
			children = (
				E3F1252C208FC67E005B8779 /* BabbelChallenge.app */,
				E3F12540208FC67F005B8779 /* BabbelChallengeTests.xctest */,
			);
			name = Products;
			sourceTree = "<group>";
		};
		E3F1252E208FC67E005B8779 /* BabbelChallenge */ = {
			isa = PBXGroup;
			children = (
				E3F12552208FD486005B8779 /* Json */,
				E3F1254F208FCC43005B8779 /* Services */,
				E3F1252F208FC67E005B8779 /* AppDelegate.swift */,
				E3F12531208FC67E005B8779 /* ViewController.swift */,
				E3F12533208FC67E005B8779 /* Main.storyboard */,
				E3F12536208FC67F005B8779 /* Assets.xcassets */,
				E3F12538208FC67F005B8779 /* LaunchScreen.storyboard */,
				E3F1253B208FC67F005B8779 /* Info.plist */,
			);
			path = BabbelChallenge;
			sourceTree = "<group>";
		};
		E3F12543208FC67F005B8779 /* BabbelChallengeTests */ = {
			isa = PBXGroup;
			children = (
				E3F12544208FC67F005B8779 /* BabbelChallengeTests.swift */,
				E3F12546208FC67F005B8779 /* Info.plist */,
			);
			path = BabbelChallengeTests;
			sourceTree = "<group>";
		};
		E3F1254F208FCC43005B8779 /* Services */ = {
			isa = PBXGroup;
			children = (
				E3F12550208FCC60005B8779 /* WordsService.swift */,
			);
			path = Services;
			sourceTree = "<group>";
		};
		E3F12552208FD486005B8779 /* Json */ = {
			isa = PBXGroup;
			children = (
				E3F12553208FD499005B8779 /* words.json */,
			);
			path = Json;
			sourceTree = "<group>";
		};
/* End PBXGroup section */

/* Begin PBXNativeTarget section */
		E3F1252B208FC67E005B8779 /* BabbelChallenge */ = {
			isa = PBXNativeTarget;
			buildConfigurationList = E3F12549208FC67F005B8779 /* Build configuration list for PBXNativeTarget "BabbelChallenge" */;
			buildPhases = (
				E3F12528208FC67E005B8779 /* Sources */,
				E3F12529208FC67E005B8779 /* Frameworks */,
				E3F1252A208FC67E005B8779 /* Resources */,
			);
			buildRules = (
			);
			dependencies = (
			);
			name = BabbelChallenge;
			productName = BabbelChallenge;
			productReference = E3F1252C208FC67E005B8779 /* BabbelChallenge.app */;
			productType = "com.apple.product-type.application";
		};
		E3F1253F208FC67F005B8779 /* BabbelChallengeTests */ = {
			isa = PBXNativeTarget;
			buildConfigurationList = E3F1254C208FC67F005B8779 /* Build configuration list for PBXNativeTarget "BabbelChallengeTests" */;
			buildPhases = (
				E3F1253C208FC67F005B8779 /* Sources */,
				E3F1253D208FC67F005B8779 /* Frameworks */,
				E3F1253E208FC67F005B8779 /* Resources */,
			);
			buildRules = (
			);
			dependencies = (
				E3F12542208FC67F005B8779 /* PBXTargetDependency */,
			);
			name = BabbelChallengeTests;
			productName = BabbelChallengeTests;
			productReference = E3F12540208FC67F005B8779 /* BabbelChallengeTests.xctest */;
			productType = "com.apple.product-type.bundle.unit-test";
		};
/* End PBXNativeTarget section */

/* Begin PBXProject section */
		E3F12524208FC67E005B8779 /* Project object */ = {
			isa = PBXProject;
			attributes = {
				LastSwiftUpdateCheck = 0930;
				LastUpgradeCheck = 0930;
				ORGANIZATIONNAME = "Adolf Jurgens";
				TargetAttributes = {
					E3F1252B208FC67E005B8779 = {
						CreatedOnToolsVersion = 9.3;
					};
					E3F1253F208FC67F005B8779 = {
						CreatedOnToolsVersion = 9.3;
						TestTargetID = E3F1252B208FC67E005B8779;
					};
				};
			};
			buildConfigurationList = E3F12527208FC67E005B8779 /* Build configuration list for PBXProject "BabbelChallenge" */;
			compatibilityVersion = "Xcode 9.3";
			developmentRegion = en;
			hasScannedForEncodings = 0;
			knownRegions = (
				en,
				Base,
			);
			mainGroup = E3F12523208FC67E005B8779;
			productRefGroup = E3F1252D208FC67E005B8779 /* Products */;
			projectDirPath = "";
			projectRoot = "";
			targets = (
				E3F1252B208FC67E005B8779 /* BabbelChallenge */,
				E3F1253F208FC67F005B8779 /* BabbelChallengeTests */,
			);
		};
/* End PBXProject section */

/* Begin PBXResourcesBuildPhase section */
		E3F1252A208FC67E005B8779 /* Resources */ = {
			isa = PBXResourcesBuildPhase;
			buildActionMask = 2147483647;
			files = (
				E3F1253A208FC67F005B8779 /* LaunchScreen.storyboard in Resources */,
				E3F12554208FD499005B8779 /* words.json in Resources */,
				E3F12537208FC67F005B8779 /* Assets.xcassets in Resources */,
				E3F12535208FC67E005B8779 /* Main.storyboard in Resources */,
			);
			runOnlyForDeploymentPostprocessing = 0;
		};
		E3F1253E208FC67F005B8779 /* Resources */ = {
			isa = PBXResourcesBuildPhase;
			buildActionMask = 2147483647;
			files = (
			);
			runOnlyForDeploymentPostprocessing = 0;
		};
/* End PBXResourcesBuildPhase section */

/* Begin PBXSourcesBuildPhase section */
		E3F12528208FC67E005B8779 /* Sources */ = {
			isa = PBXSourcesBuildPhase;
			buildActionMask = 2147483647;
			files = (
				E3F12551208FCC60005B8779 /* WordsService.swift in Sources */,
				E3F12532208FC67E005B8779 /* ViewController.swift in Sources */,
				E3F12530208FC67E005B8779 /* AppDelegate.swift in Sources */,
			);
			runOnlyForDeploymentPostprocessing = 0;
		};
		E3F1253C208FC67F005B8779 /* Sources */ = {
			isa = PBXSourcesBuildPhase;
			buildActionMask = 2147483647;
			files = (
				E3F12545208FC67F005B8779 /* BabbelChallengeTests.swift in Sources */,
			);
			runOnlyForDeploymentPostprocessing = 0;
		};
/* End PBXSourcesBuildPhase section */

/* Begin PBXTargetDependency section */
		E3F12542208FC67F005B8779 /* PBXTargetDependency */ = {
			isa = PBXTargetDependency;
			target = E3F1252B208FC67E005B8779 /* BabbelChallenge */;
			targetProxy = E3F12541208FC67F005B8779 /* PBXContainerItemProxy */;
		};
/* End PBXTargetDependency section */

/* Begin PBXVariantGroup section */
		E3F12533208FC67E005B8779 /* Main.storyboard */ = {
			isa = PBXVariantGroup;
			children = (
				E3F12534208FC67E005B8779 /* Base */,
			);
			name = Main.storyboard;
			sourceTree = "<group>";
		};
		E3F12538208FC67F005B8779 /* LaunchScreen.storyboard */ = {
			isa = PBXVariantGroup;
			children = (
				E3F12539208FC67F005B8779 /* Base */,
			);
			name = LaunchScreen.storyboard;
			sourceTree = "<group>";
		};
/* End PBXVariantGroup section */

/* Begin XCBuildConfiguration section */
		E3F12547208FC67F005B8779 /* Debug */ = {
			isa = XCBuildConfiguration;
			buildSettings = {
				ALWAYS_SEARCH_USER_PATHS = NO;
				CLANG_ANALYZER_NONNULL = YES;
				CLANG_ANALYZER_NUMBER_OBJECT_CONVERSION = YES_AGGRESSIVE;
				CLANG_CXX_LANGUAGE_STANDARD = "gnu++14";
				CLANG_CXX_LIBRARY = "libc++";
				CLANG_ENABLE_MODULES = YES;
				CLANG_ENABLE_OBJC_ARC = YES;
				CLANG_ENABLE_OBJC_WEAK = YES;
				CLANG_WARN_BLOCK_CAPTURE_AUTORELEASING = YES;
				CLANG_WARN_BOOL_CONVERSION = YES;
				CLANG_WARN_COMMA = YES;
				CLANG_WARN_CONSTANT_CONVERSION = YES;
				CLANG_WARN_DEPRECATED_OBJC_IMPLEMENTATIONS = YES;
				CLANG_WARN_DIRECT_OBJC_ISA_USAGE = YES_ERROR;
				CLANG_WARN_DOCUMENTATION_COMMENTS = YES;
				CLANG_WARN_EMPTY_BODY = YES;
				CLANG_WARN_ENUM_CONVERSION = YES;
				CLANG_WARN_INFINITE_RECURSION = YES;
				CLANG_WARN_INT_CONVERSION = YES;
				CLANG_WARN_NON_LITERAL_NULL_CONVERSION = YES;
				CLANG_WARN_OBJC_IMPLICIT_RETAIN_SELF = YES;
				CLANG_WARN_OBJC_LITERAL_CONVERSION = YES;
				CLANG_WARN_OBJC_ROOT_CLASS = YES_ERROR;
				CLANG_WARN_RANGE_LOOP_ANALYSIS = YES;
				CLANG_WARN_STRICT_PROTOTYPES = YES;
				CLANG_WARN_SUSPICIOUS_MOVE = YES;
				CLANG_WARN_UNGUARDED_AVAILABILITY = YES_AGGRESSIVE;
				CLANG_WARN_UNREACHABLE_CODE = YES;
				CLANG_WARN__DUPLICATE_METHOD_MATCH = YES;
				CODE_SIGN_IDENTITY = "iPhone Developer";
				COPY_PHASE_STRIP = NO;
				DEBUG_INFORMATION_FORMAT = dwarf;
				ENABLE_STRICT_OBJC_MSGSEND = YES;
				ENABLE_TESTABILITY = YES;
				GCC_C_LANGUAGE_STANDARD = gnu11;
				GCC_DYNAMIC_NO_PIC = NO;
				GCC_NO_COMMON_BLOCKS = YES;
				GCC_OPTIMIZATION_LEVEL = 0;
				GCC_PREPROCESSOR_DEFINITIONS = (
					"DEBUG=1",
					"$(inherited)",
				);
				GCC_WARN_64_TO_32_BIT_CONVERSION = YES;
				GCC_WARN_ABOUT_RETURN_TYPE = YES_ERROR;
				GCC_WARN_UNDECLARED_SELECTOR = YES;
				GCC_WARN_UNINITIALIZED_AUTOS = YES_AGGRESSIVE;
				GCC_WARN_UNUSED_FUNCTION = YES;
				GCC_WARN_UNUSED_VARIABLE = YES;
				IPHONEOS_DEPLOYMENT_TARGET = 11.3;
				MTL_ENABLE_DEBUG_INFO = YES;
				ONLY_ACTIVE_ARCH = YES;
				SDKROOT = iphoneos;
				SWIFT_ACTIVE_COMPILATION_CONDITIONS = DEBUG;
				SWIFT_OPTIMIZATION_LEVEL = "-Onone";
			};
			name = Debug;
		};
		E3F12548208FC67F005B8779 /* Release */ = {
			isa = XCBuildConfiguration;
			buildSettings = {
				ALWAYS_SEARCH_USER_PATHS = NO;
				CLANG_ANALYZER_NONNULL = YES;
				CLANG_ANALYZER_NUMBER_OBJECT_CONVERSION = YES_AGGRESSIVE;
				CLANG_CXX_LANGUAGE_STANDARD = "gnu++14";
				CLANG_CXX_LIBRARY = "libc++";
				CLANG_ENABLE_MODULES = YES;
				CLANG_ENABLE_OBJC_ARC = YES;
				CLANG_ENABLE_OBJC_WEAK = YES;
				CLANG_WARN_BLOCK_CAPTURE_AUTORELEASING = YES;
				CLANG_WARN_BOOL_CONVERSION = YES;
				CLANG_WARN_COMMA = YES;
				CLANG_WARN_CONSTANT_CONVERSION = YES;
				CLANG_WARN_DEPRECATED_OBJC_IMPLEMENTATIONS = YES;
				CLANG_WARN_DIRECT_OBJC_ISA_USAGE = YES_ERROR;
				CLANG_WARN_DOCUMENTATION_COMMENTS = YES;
				CLANG_WARN_EMPTY_BODY = YES;
				CLANG_WARN_ENUM_CONVERSION = YES;
				CLANG_WARN_INFINITE_RECURSION = YES;
				CLANG_WARN_INT_CONVERSION = YES;
				CLANG_WARN_NON_LITERAL_NULL_CONVERSION = YES;
				CLANG_WARN_OBJC_IMPLICIT_RETAIN_SELF = YES;
				CLANG_WARN_OBJC_LITERAL_CONVERSION = YES;
				CLANG_WARN_OBJC_ROOT_CLASS = YES_ERROR;
				CLANG_WARN_RANGE_LOOP_ANALYSIS = YES;
				CLANG_WARN_STRICT_PROTOTYPES = YES;
				CLANG_WARN_SUSPICIOUS_MOVE = YES;
				CLANG_WARN_UNGUARDED_AVAILABILITY = YES_AGGRESSIVE;
				CLANG_WARN_UNREACHABLE_CODE = YES;
				CLANG_WARN__DUPLICATE_METHOD_MATCH = YES;
				CODE_SIGN_IDENTITY = "iPhone Developer";
				COPY_PHASE_STRIP = NO;
				DEBUG_INFORMATION_FORMAT = "dwarf-with-dsym";
				ENABLE_NS_ASSERTIONS = NO;
				ENABLE_STRICT_OBJC_MSGSEND = YES;
				GCC_C_LANGUAGE_STANDARD = gnu11;
				GCC_NO_COMMON_BLOCKS = YES;
				GCC_WARN_64_TO_32_BIT_CONVERSION = YES;
				GCC_WARN_ABOUT_RETURN_TYPE = YES_ERROR;
				GCC_WARN_UNDECLARED_SELECTOR = YES;
				GCC_WARN_UNINITIALIZED_AUTOS = YES_AGGRESSIVE;
				GCC_WARN_UNUSED_FUNCTION = YES;
				GCC_WARN_UNUSED_VARIABLE = YES;
				IPHONEOS_DEPLOYMENT_TARGET = 11.3;
				MTL_ENABLE_DEBUG_INFO = NO;
				SDKROOT = iphoneos;
				SWIFT_COMPILATION_MODE = wholemodule;
				SWIFT_OPTIMIZATION_LEVEL = "-O";
				VALIDATE_PRODUCT = YES;
			};
			name = Release;
		};
		E3F1254A208FC67F005B8779 /* Debug */ = {
			isa = XCBuildConfiguration;
			buildSettings = {
				ASSETCATALOG_COMPILER_APPICON_NAME = AppIcon;
				CODE_SIGN_STYLE = Automatic;
				DEVELOPMENT_TEAM = "";
				INFOPLIST_FILE = BabbelChallenge/Info.plist;
				LD_RUNPATH_SEARCH_PATHS = (
					"$(inherited)",
					"@executable_path/Frameworks",
				);
				PRODUCT_BUNDLE_IDENTIFIER = com.aj.BabbelChallenge;
				PRODUCT_NAME = "$(TARGET_NAME)";
				SWIFT_VERSION = 4.0;
				TARGETED_DEVICE_FAMILY = "1,2";
			};
			name = Debug;
		};
		E3F1254B208FC67F005B8779 /* Release */ = {
			isa = XCBuildConfiguration;
			buildSettings = {
				ASSETCATALOG_COMPILER_APPICON_NAME = AppIcon;
				CODE_SIGN_STYLE = Automatic;
				DEVELOPMENT_TEAM = "";
				INFOPLIST_FILE = BabbelChallenge/Info.plist;
				LD_RUNPATH_SEARCH_PATHS = (
					"$(inherited)",
					"@executable_path/Frameworks",
				);
				PRODUCT_BUNDLE_IDENTIFIER = com.aj.BabbelChallenge;
				PRODUCT_NAME = "$(TARGET_NAME)";
				SWIFT_VERSION = 4.0;
				TARGETED_DEVICE_FAMILY = "1,2";
			};
			name = Release;
		};
		E3F1254D208FC67F005B8779 /* Debug */ = {
			isa = XCBuildConfiguration;
			buildSettings = {
				ALWAYS_EMBED_SWIFT_STANDARD_LIBRARIES = YES;
				BUNDLE_LOADER = "$(TEST_HOST)";
				CODE_SIGN_STYLE = Automatic;
				DEVELOPMENT_TEAM = GWHK9KDR43;
				INFOPLIST_FILE = BabbelChallengeTests/Info.plist;
				LD_RUNPATH_SEARCH_PATHS = (
					"$(inherited)",
					"@executable_path/Frameworks",
					"@loader_path/Frameworks",
				);
				PRODUCT_BUNDLE_IDENTIFIER = com.aj.BabbelChallengeTests;
				PRODUCT_NAME = "$(TARGET_NAME)";
				SWIFT_VERSION = 4.0;
				TARGETED_DEVICE_FAMILY = "1,2";
				TEST_HOST = "$(BUILT_PRODUCTS_DIR)/BabbelChallenge.app/BabbelChallenge";
			};
			name = Debug;
		};
		E3F1254E208FC67F005B8779 /* Release */ = {
			isa = XCBuildConfiguration;
			buildSettings = {
				ALWAYS_EMBED_SWIFT_STANDARD_LIBRARIES = YES;
				BUNDLE_LOADER = "$(TEST_HOST)";
				CODE_SIGN_STYLE = Automatic;
				DEVELOPMENT_TEAM = GWHK9KDR43;
				INFOPLIST_FILE = BabbelChallengeTests/Info.plist;
				LD_RUNPATH_SEARCH_PATHS = (
					"$(inherited)",
					"@executable_path/Frameworks",
					"@loader_path/Frameworks",
				);
				PRODUCT_BUNDLE_IDENTIFIER = com.aj.BabbelChallengeTests;
				PRODUCT_NAME = "$(TARGET_NAME)";
				SWIFT_VERSION = 4.0;
				TARGETED_DEVICE_FAMILY = "1,2";
				TEST_HOST = "$(BUILT_PRODUCTS_DIR)/BabbelChallenge.app/BabbelChallenge";
			};
			name = Release;
		};
/* End XCBuildConfiguration section */

/* Begin XCConfigurationList section */
		E3F12527208FC67E005B8779 /* Build configuration list for PBXProject "BabbelChallenge" */ = {
			isa = XCConfigurationList;
			buildConfigurations = (
				E3F12547208FC67F005B8779 /* Debug */,
				E3F12548208FC67F005B8779 /* Release */,
			);
			defaultConfigurationIsVisible = 0;
			defaultConfigurationName = Release;
		};
		E3F12549208FC67F005B8779 /* Build configuration list for PBXNativeTarget "BabbelChallenge" */ = {
			isa = XCConfigurationList;
			buildConfigurations = (
				E3F1254A208FC67F005B8779 /* Debug */,
				E3F1254B208FC67F005B8779 /* Release */,
			);
			defaultConfigurationIsVisible = 0;
			defaultConfigurationName = Release;
		};
		E3F1254C208FC67F005B8779 /* Build configuration list for PBXNativeTarget "BabbelChallengeTests" */ = {
			isa = XCConfigurationList;
			buildConfigurations = (
				E3F1254D208FC67F005B8779 /* Debug */,
				E3F1254E208FC67F005B8779 /* Release */,
			);
			defaultConfigurationIsVisible = 0;
			defaultConfigurationName = Release;
		};
/* End XCConfigurationList section */
	};
	rootObject = E3F12524208FC67E005B8779 /* Project object */;
}
